// !$*UTF8*$!
{
	archiveVersion = 1;
	classes = {
	};
	objectVersion = 48;
	objects = {

/* Begin PBXBuildFile section */
		CF007B551F9D176700E1F4FA /* AppDelegate.swift in Sources */ = {isa = PBXBuildFile; fileRef = CF007B541F9D176700E1F4FA /* AppDelegate.swift */; };
		CF007B571F9D176700E1F4FA /* ViewController.swift in Sources */ = {isa = PBXBuildFile; fileRef = CF007B561F9D176700E1F4FA /* ViewController.swift */; };
		CF007B5A1F9D176700E1F4FA /* Main.storyboard in Resources */ = {isa = PBXBuildFile; fileRef = CF007B581F9D176700E1F4FA /* Main.storyboard */; };
		CF007B5C1F9D176700E1F4FA /* Assets.xcassets in Resources */ = {isa = PBXBuildFile; fileRef = CF007B5B1F9D176700E1F4FA /* Assets.xcassets */; };
		CF007B5F1F9D176700E1F4FA /* LaunchScreen.storyboard in Resources */ = {isa = PBXBuildFile; fileRef = CF007B5D1F9D176700E1F4FA /* LaunchScreen.storyboard */; };
/* End PBXBuildFile section */

/* Begin PBXFileReference section */
		CF007B511F9D176700E1F4FA /* RealmCrud.app */ = {isa = PBXFileReference; explicitFileType = wrapper.application; includeInIndex = 0; path = RealmCrud.app; sourceTree = BUILT_PRODUCTS_DIR; };
		CF007B541F9D176700E1F4FA /* AppDelegate.swift */ = {isa = PBXFileReference; lastKnownFileType = sourcecode.swift; path = AppDelegate.swift; sourceTree = "<group>"; };
		CF007B561F9D176700E1F4FA /* ViewController.swift */ = {isa = PBXFileReference; lastKnownFileType = sourcecode.swift; path = ViewController.swift; sourceTree = "<group>"; };
		CF007B591F9D176700E1F4FA /* Base */ = {isa = PBXFileReference; lastKnownFileType = file.storyboard; name = Base; path = Base.lproj/Main.storyboard; sourceTree = "<group>"; };
		CF007B5B1F9D176700E1F4FA /* Assets.xcassets */ = {isa = PBXFileReference; lastKnownFileType = folder.assetcatalog; path = Assets.xcassets; sourceTree = "<group>"; };
		CF007B5E1F9D176700E1F4FA /* Base */ = {isa = PBXFileReference; lastKnownFileType = file.storyboard; name = Base; path = Base.lproj/LaunchScreen.storyboard; sourceTree = "<group>"; };
		CF007B601F9D176700E1F4FA /* Info.plist */ = {isa = PBXFileReference; lastKnownFileType = text.plist.xml; path = Info.plist; sourceTree = "<group>"; };
/* End PBXFileReference section */

/* Begin PBXFrameworksBuildPhase section */
		CF007B4E1F9D176700E1F4FA /* Frameworks */ = {
			isa = PBXFrameworksBuildPhase;
			buildActionMask = 2147483647;
			files = (
			);
			runOnlyForDeploymentPostprocessing = 0;
		};
/* End PBXFrameworksBuildPhase section */

/* Begin PBXGroup section */
		CF007B481F9D176700E1F4FA = {
			isa = PBXGroup;
			children = (
				CF007B531F9D176700E1F4FA /* RealmCrud */,
				CF007B521F9D176700E1F4FA /* Products */,
			);
			sourceTree = "<group>";
		};
		CF007B521F9D176700E1F4FA /* Products */ = {
			isa = PBXGroup;
			children = (
				CF007B511F9D176700E1F4FA /* RealmCrud.app */,
			);
			name = Products;
			sourceTree = "<group>";
		};
		CF007B531F9D176700E1F4FA /* RealmCrud */ = {
			isa = PBXGroup;
			children = (
				CF007B541F9D176700E1F4FA /* AppDelegate.swift */,
				CF007B561F9D176700E1F4FA /* ViewController.swift */,
				CF007B581F9D176700E1F4FA /* Main.storyboard */,
				CF007B5B1F9D176700E1F4FA /* Assets.xcassets */,
				CF007B5D1F9D176700E1F4FA /* LaunchScreen.storyboard */,
				CF007B601F9D176700E1F4FA /* Info.plist */,
			);
			path = RealmCrud;
			sourceTree = "<group>";
		};
/* End PBXGroup section */

/* Begin PBXNativeTarget section */
		CF007B501F9D176700E1F4FA /* RealmCrud */ = {
			isa = PBXNativeTarget;
			buildConfigurationList = CF007B631F9D176700E1F4FA /* Build configuration list for PBXNativeTarget "RealmCrud" */;
			buildPhases = (
				CF007B4D1F9D176700E1F4FA /* Sources */,
				CF007B4E1F9D176700E1F4FA /* Frameworks */,
				CF007B4F1F9D176700E1F4FA /* Resources */,
			);
			buildRules = (
			);
			dependencies = (
			);
			name = RealmCrud;
			productName = RealmCrud;
			productReference = CF007B511F9D176700E1F4FA /* RealmCrud.app */;
			productType = "com.apple.product-type.application";
		};
/* End PBXNativeTarget section */

/* Begin PBXProject section */
		CF007B491F9D176700E1F4FA /* Project object */ = {
			isa = PBXProject;
			attributes = {
				LastSwiftUpdateCheck = 0900;
				LastUpgradeCheck = 0900;
				ORGANIZATIONNAME = "Jorge Maldonado Borbón";
				TargetAttributes = {
					CF007B501F9D176700E1F4FA = {
						CreatedOnToolsVersion = 9.0.1;
						ProvisioningStyle = Automatic;
					};
				};
			};
			buildConfigurationList = CF007B4C1F9D176700E1F4FA /* Build configuration list for PBXProject "RealmCrud" */;
			compatibilityVersion = "Xcode 8.0";
			developmentRegion = en;
			hasScannedForEncodings = 0;
			knownRegions = (
				en,
				Base,
			);
			mainGroup = CF007B481F9D176700E1F4FA;
			productRefGroup = CF007B521F9D176700E1F4FA /* Products */;
			projectDirPath = "";
			projectRoot = "";
			targets = (
				CF007B501F9D176700E1F4FA /* RealmCrud */,
			);
		};
/* End PBXProject section */

/* Begin PBXResourcesBuildPhase section */
		CF007B4F1F9D176700E1F4FA /* Resources */ = {
			isa = PBXResourcesBuildPhase;
			buildActionMask = 2147483647;
			files = (
				CF007B5F1F9D176700E1F4FA /* LaunchScreen.storyboard in Resources */,
				CF007B5C1F9D176700E1F4FA /* Assets.xcassets in Resources */,
				CF007B5A1F9D176700E1F4FA /* Main.storyboard in Resources */,
			);
			runOnlyForDeploymentPostprocessing = 0;
		};
/* End PBXResourcesBuildPhase section */

/* Begin PBXSourcesBuildPhase section */
		CF007B4D1F9D176700E1F4FA /* Sources */ = {
			isa = PBXSourcesBuildPhase;
			buildActionMask = 2147483647;
			files = (
				CF007B571F9D176700E1F4FA /* ViewController.swift in Sources */,
				CF007B551F9D176700E1F4FA /* AppDelegate.swift in Sources */,
			);
			runOnlyForDeploymentPostprocessing = 0;
		};
/* End PBXSourcesBuildPhase section */

/* Begin PBXVariantGroup section */
		CF007B581F9D176700E1F4FA /* Main.storyboard */ = {
			isa = PBXVariantGroup;
			children = (
				CF007B591F9D176700E1F4FA /* Base */,
			);
			name = Main.storyboard;
			sourceTree = "<group>";
		};
		CF007B5D1F9D176700E1F4FA /* LaunchScreen.storyboard */ = {
			isa = PBXVariantGroup;
			children = (
				CF007B5E1F9D176700E1F4FA /* Base */,
			);
			name = LaunchScreen.storyboard;
			sourceTree = "<group>";
		};
/* End PBXVariantGroup section */

/* Begin XCBuildConfiguration section */
		CF007B611F9D176700E1F4FA /* Debug */ = {
			isa = XCBuildConfiguration;
			buildSettings = {
				ALWAYS_SEARCH_USER_PATHS = NO;
				CLANG_ANALYZER_NONNULL = YES;
				CLANG_ANALYZER_NUMBER_OBJECT_CONVERSION = YES_AGGRESSIVE;
				CLANG_CXX_LANGUAGE_STANDARD = "gnu++14";
				CLANG_CXX_LIBRARY = "libc++";
				CLANG_ENABLE_MODULES = YES;
				CLANG_ENABLE_OBJC_ARC = YES;
				CLANG_WARN_BLOCK_CAPTURE_AUTORELEASING = YES;
				CLANG_WARN_BOOL_CONVERSION = YES;
				CLANG_WARN_COMMA = YES;
				CLANG_WARN_CONSTANT_CONVERSION = YES;
				CLANG_WARN_DIRECT_OBJC_ISA_USAGE = YES_ERROR;
				CLANG_WARN_DOCUMENTATION_COMMENTS = YES;
				CLANG_WARN_EMPTY_BODY = YES;
				CLANG_WARN_ENUM_CONVERSION = YES;
				CLANG_WARN_INFINITE_RECURSION = YES;
				CLANG_WARN_INT_CONVERSION = YES;
				CLANG_WARN_NON_LITERAL_NULL_CONVERSION = YES;
				CLANG_WARN_OBJC_LITERAL_CONVERSION = YES;
				CLANG_WARN_OBJC_ROOT_CLASS = YES_ERROR;
				CLANG_WARN_RANGE_LOOP_ANALYSIS = YES;
				CLANG_WARN_STRICT_PROTOTYPES = YES;
				CLANG_WARN_SUSPICIOUS_MOVE = YES;
				CLANG_WARN_UNGUARDED_AVAILABILITY = YES_AGGRESSIVE;
				CLANG_WARN_UNREACHABLE_CODE = YES;
				CLANG_WARN__DUPLICATE_METHOD_MATCH = YES;
				CODE_SIGN_IDENTITY = "iPhone Developer";
				COPY_PHASE_STRIP = NO;
				DEBUG_INFORMATION_FORMAT = dwarf;
				ENABLE_STRICT_OBJC_MSGSEND = YES;
				ENABLE_TESTABILITY = YES;
				GCC_C_LANGUAGE_STANDARD = gnu11;
				GCC_DYNAMIC_NO_PIC = NO;
				GCC_NO_COMMON_BLOCKS = YES;
				GCC_OPTIMIZATION_LEVEL = 0;
				GCC_PREPROCESSOR_DEFINITIONS = (
					"DEBUG=1",
					"$(inherited)",
				);
				GCC_WARN_64_TO_32_BIT_CONVERSION = YES;
				GCC_WARN_ABOUT_RETURN_TYPE = YES_ERROR;
				GCC_WARN_UNDECLARED_SELECTOR = YES;
				GCC_WARN_UNINITIALIZED_AUTOS = YES_AGGRESSIVE;
				GCC_WARN_UNUSED_FUNCTION = YES;
				GCC_WARN_UNUSED_VARIABLE = YES;
				IPHONEOS_DEPLOYMENT_TARGET = 11.0;
				MTL_ENABLE_DEBUG_INFO = YES;
				ONLY_ACTIVE_ARCH = YES;
				SDKROOT = iphoneos;
				SWIFT_ACTIVE_COMPILATION_CONDITIONS = DEBUG;
				SWIFT_OPTIMIZATION_LEVEL = "-Onone";
			};
			name = Debug;
		};
		CF007B621F9D176700E1F4FA /* Release */ = {
			isa = XCBuildConfiguration;
			buildSettings = {
				ALWAYS_SEARCH_USER_PATHS = NO;
				CLANG_ANALYZER_NONNULL = YES;
				CLANG_ANALYZER_NUMBER_OBJECT_CONVERSION = YES_AGGRESSIVE;
				CLANG_CXX_LANGUAGE_STANDARD = "gnu++14";
				CLANG_CXX_LIBRARY = "libc++";
				CLANG_ENABLE_MODULES = YES;
				CLANG_ENABLE_OBJC_ARC = YES;
				CLANG_WARN_BLOCK_CAPTURE_AUTORELEASING = YES;
				CLANG_WARN_BOOL_CONVERSION = YES;
				CLANG_WARN_COMMA = YES;
				CLANG_WARN_CONSTANT_CONVERSION = YES;
				CLANG_WARN_DIRECT_OBJC_ISA_USAGE = YES_ERROR;
				CLANG_WARN_DOCUMENTATION_COMMENTS = YES;
				CLANG_WARN_EMPTY_BODY = YES;
				CLANG_WARN_ENUM_CONVERSION = YES;
				CLANG_WARN_INFINITE_RECURSION = YES;
				CLANG_WARN_INT_CONVERSION = YES;
				CLANG_WARN_NON_LITERAL_NULL_CONVERSION = YES;
				CLANG_WARN_OBJC_LITERAL_CONVERSION = YES;
				CLANG_WARN_OBJC_ROOT_CLASS = YES_ERROR;
				CLANG_WARN_RANGE_LOOP_ANALYSIS = YES;
				CLANG_WARN_STRICT_PROTOTYPES = YES;
				CLANG_WARN_SUSPICIOUS_MOVE = YES;
				CLANG_WARN_UNGUARDED_AVAILABILITY = YES_AGGRESSIVE;
				CLANG_WARN_UNREACHABLE_CODE = YES;
				CLANG_WARN__DUPLICATE_METHOD_MATCH = YES;
				CODE_SIGN_IDENTITY = "iPhone Developer";
				COPY_PHASE_STRIP = NO;
				DEBUG_INFORMATION_FORMAT = "dwarf-with-dsym";
				ENABLE_NS_ASSERTIONS = NO;
				ENABLE_STRICT_OBJC_MSGSEND = YES;
				GCC_C_LANGUAGE_STANDARD = gnu11;
				GCC_NO_COMMON_BLOCKS = YES;
				GCC_WARN_64_TO_32_BIT_CONVERSION = YES;
				GCC_WARN_ABOUT_RETURN_TYPE = YES_ERROR;
				GCC_WARN_UNDECLARED_SELECTOR = YES;
				GCC_WARN_UNINITIALIZED_AUTOS = YES_AGGRESSIVE;
				GCC_WARN_UNUSED_FUNCTION = YES;
				GCC_WARN_UNUSED_VARIABLE = YES;
				IPHONEOS_DEPLOYMENT_TARGET = 11.0;
				MTL_ENABLE_DEBUG_INFO = NO;
				SDKROOT = iphoneos;
				SWIFT_OPTIMIZATION_LEVEL = "-Owholemodule";
				VALIDATE_PRODUCT = YES;
			};
			name = Release;
		};
		CF007B641F9D176700E1F4FA /* Debug */ = {
			isa = XCBuildConfiguration;
			buildSettings = {
				ASSETCATALOG_COMPILER_APPICON_NAME = AppIcon;
				CODE_SIGN_STYLE = Automatic;
				DEVELOPMENT_TEAM = H6EHL55492;
				INFOPLIST_FILE = RealmCrud/Info.plist;
				LD_RUNPATH_SEARCH_PATHS = "$(inherited) @executable_path/Frameworks";
				PRODUCT_BUNDLE_IDENTIFIER = com.jorge.RealmCrud;
				PRODUCT_NAME = "$(TARGET_NAME)";
				SWIFT_VERSION = 4.0;
				TARGETED_DEVICE_FAMILY = "1,2";
			};
			name = Debug;
		};
		CF007B651F9D176700E1F4FA /* Release */ = {
			isa = XCBuildConfiguration;
			buildSettings = {
				ASSETCATALOG_COMPILER_APPICON_NAME = AppIcon;
				CODE_SIGN_STYLE = Automatic;
				DEVELOPMENT_TEAM = H6EHL55492;
				INFOPLIST_FILE = RealmCrud/Info.plist;
				LD_RUNPATH_SEARCH_PATHS = "$(inherited) @executable_path/Frameworks";
				PRODUCT_BUNDLE_IDENTIFIER = com.jorge.RealmCrud;
				PRODUCT_NAME = "$(TARGET_NAME)";
				SWIFT_VERSION = 4.0;
				TARGETED_DEVICE_FAMILY = "1,2";
			};
			name = Release;
		};
/* End XCBuildConfiguration section */

/* Begin XCConfigurationList section */
		CF007B4C1F9D176700E1F4FA /* Build configuration list for PBXProject "RealmCrud" */ = {
			isa = XCConfigurationList;
			buildConfigurations = (
				CF007B611F9D176700E1F4FA /* Debug */,
				CF007B621F9D176700E1F4FA /* Release */,
			);
			defaultConfigurationIsVisible = 0;
			defaultConfigurationName = Release;
		};
		CF007B631F9D176700E1F4FA /* Build configuration list for PBXNativeTarget "RealmCrud" */ = {
			isa = XCConfigurationList;
			buildConfigurations = (
				CF007B641F9D176700E1F4FA /* Debug */,
				CF007B651F9D176700E1F4FA /* Release */,
			);
			defaultConfigurationIsVisible = 0;
			defaultConfigurationName = Release;
		};
/* End XCConfigurationList section */
	};
	rootObject = CF007B491F9D176700E1F4FA /* Project object */;
}
